
Microsoft Visual Studio Solution File, Format Version 12.00
# Visual Studio Version 17
VisualStudioVersion = 17.7.34024.191
MinimumVisualStudioVersion = 10.0.40219.1
Project("{FAE04EC0-301F-11D3-BF4B-00C04F79EFBC}") = "LINQ", "LINQ.csproj", "{5AC6B6DF-0B26-434D-811F-4DB9A4A7F43F}"
EndProject
Global
	GlobalSection(SolutionConfigurationPlatforms) = preSolution
		Debug|Any CPU = Debug|Any CPU
		Release|Any CPU = Release|Any CPU
	EndGlobalSection
	GlobalSection(ProjectConfigurationPlatforms) = postSolution
		{5AC6B6DF-0B26-434D-811F-4DB9A4A7F43F}.Debug|Any CPU.ActiveCfg = Debug|Any CPU
		{5AC6B6DF-0B26-434D-811F-4DB9A4A7F43F}.Debug|Any CPU.Build.0 = Debug|Any CPU
		{5AC6B6DF-0B26-434D-811F-4DB9A4A7F43F}.Release|Any CPU.ActiveCfg = Release|Any CPU
		{5AC6B6DF-0B26-434D-811F-4DB9A4A7F43F}.Release|Any CPU.Build.0 = Release|Any CPU
	EndGlobalSection
	GlobalSection(SolutionProperties) = preSolution
		HideSolutionNode = FALSE
	EndGlobalSection
	GlobalSection(ExtensibilityGlobals) = postSolution
		SolutionGuid = {E36529EA-8B39-4FE7-A0B3-ECF86D879DCF}
	EndGlobalSection
EndGlobal
